
Microsoft Visual Studio Solution File, Format Version 12.00
# Visual Studio Version 17
VisualStudioVersion = 17.3.32811.315
MinimumVisualStudioVersion = 10.0.40219.1
Project("{FAE04EC0-301F-11D3-BF4B-00C04F79EFBC}") = "ArraysAndListsREALSUBMISSION", "ArraysAndListsREALSUBMISSION\ArraysAndListsREALSUBMISSION.csproj", "{178CF4B6-5677-4D45-B5EF-CD36610FE480}"
EndProject
Global
	GlobalSection(SolutionConfigurationPlatforms) = preSolution
		Debug|Any CPU = Debug|Any CPU
		Release|Any CPU = Release|Any CPU
	EndGlobalSection
	GlobalSection(ProjectConfigurationPlatforms) = postSolution
		{178CF4B6-5677-4D45-B5EF-CD36610FE480}.Debug|Any CPU.ActiveCfg = Debug|Any CPU
		{178CF4B6-5677-4D45-B5EF-CD36610FE480}.Debug|Any CPU.Build.0 = Debug|Any CPU
		{178CF4B6-5677-4D45-B5EF-CD36610FE480}.Release|Any CPU.ActiveCfg = Release|Any CPU
		{178CF4B6-5677-4D45-B5EF-CD36610FE480}.Release|Any CPU.Build.0 = Release|Any CPU
	EndGlobalSection
	GlobalSection(SolutionProperties) = preSolution
		HideSolutionNode = FALSE
	EndGlobalSection
	GlobalSection(ExtensibilityGlobals) = postSolution
		SolutionGuid = {C034CC79-D7A7-4471-9851-46675A367981}
	EndGlobalSection
EndGlobal
